
Microsoft Visual Studio Solution File, Format Version 12.00
# Visual Studio Version 16
VisualStudioVersion = 16.0.30011.22
MinimumVisualStudioVersion = 10.0.40219.1
Project("{9A19103F-16F7-4668-BE54-9A1E7A4F7556}") = "OscLib", "OscLib\OscLib.csproj", "{B1998E04-FF12-476C-BF51-89DC48F7329E}"
EndProject
Global
	GlobalSection(SolutionConfigurationPlatforms) = preSolution
		Debug|Any CPU = Debug|Any CPU
		Release|Any CPU = Release|Any CPU
	EndGlobalSection
	GlobalSection(ProjectConfigurationPlatforms) = postSolution
		{B1998E04-FF12-476C-BF51-89DC48F7329E}.Debug|Any CPU.ActiveCfg = Debug|Any CPU
		{B1998E04-FF12-476C-BF51-89DC48F7329E}.Debug|Any CPU.Build.0 = Debug|Any CPU
		{B1998E04-FF12-476C-BF51-89DC48F7329E}.Release|Any CPU.ActiveCfg = Release|Any CPU
		{B1998E04-FF12-476C-BF51-89DC48F7329E}.Release|Any CPU.Build.0 = Release|Any CPU
	EndGlobalSection
	GlobalSection(SolutionProperties) = preSolution
		HideSolutionNode = FALSE
	EndGlobalSection
	GlobalSection(ExtensibilityGlobals) = postSolution
		SolutionGuid = {EE3333BD-D55D-470F-B762-5807066F417A}
	EndGlobalSection
EndGlobal
